
Microsoft Visual Studio Solution File, Format Version 12.00
# Visual Studio Express 2012 for Windows Desktop
Project("{8BC9CEB8-8B4A-11D0-8D11-00A0C91BC942}") = "Tower Escape", "Tower Escape\Tower Escape.vcxproj", "{F656221F-C27E-4289-9AF9-5B7A4A9AC7BF}"
EndProject
Global
	GlobalSection(SolutionConfigurationPlatforms) = preSolution
		Debug|Win32 = Debug|Win32
		Release|Win32 = Release|Win32
	EndGlobalSection
	GlobalSection(ProjectConfigurationPlatforms) = postSolution
		{F656221F-C27E-4289-9AF9-5B7A4A9AC7BF}.Debug|Win32.ActiveCfg = Debug|Win32
		{F656221F-C27E-4289-9AF9-5B7A4A9AC7BF}.Debug|Win32.Build.0 = Debug|Win32
		{F656221F-C27E-4289-9AF9-5B7A4A9AC7BF}.Release|Win32.ActiveCfg = Release|Win32
		{F656221F-C27E-4289-9AF9-5B7A4A9AC7BF}.Release|Win32.Build.0 = Release|Win32
	EndGlobalSection
	GlobalSection(SolutionProperties) = preSolution
		HideSolutionNode = FALSE
	EndGlobalSection
EndGlobal
